# This file is automatically @generated by Cargo.
# It is not intended for manual editing.
version = 4

[[package]]
name = "arsy-cli"
version = "0.1.0"
dependencies = [
 "arsy-code",
 "arsy-kernel",
]

[[package]]
name = "arsy-code"
version = "0.1.0"
dependencies = [
 "arsy-kernel",
]

[[package]]
name = "arsy-kernel"
version = "0.1.0"
